
Microsoft Visual Studio Solution File, Format Version 12.00
# Visual Studio Version 16
VisualStudioVersion = 16.0.29503.13
MinimumVisualStudioVersion = 10.0.40219.1
Project("{FAE04EC0-301F-11D3-BF4B-00C04F79EFBC}") = "GenerateTemp", "GenerateTemp\GenerateTemp.csproj", "{C685D262-006F-441C-8A68-625A213D3F70}"
EndProject
Global
	GlobalSection(SolutionConfigurationPlatforms) = preSolution
		Debug|Any CPU = Debug|Any CPU
		Release|Any CPU = Release|Any CPU
	EndGlobalSection
	GlobalSection(ProjectConfigurationPlatforms) = postSolution
		{C685D262-006F-441C-8A68-625A213D3F70}.Debug|Any CPU.ActiveCfg = Debug|Any CPU
		{C685D262-006F-441C-8A68-625A213D3F70}.Debug|Any CPU.Build.0 = Debug|Any CPU
		{C685D262-006F-441C-8A68-625A213D3F70}.Release|Any CPU.ActiveCfg = Release|Any CPU
		{C685D262-006F-441C-8A68-625A213D3F70}.Release|Any CPU.Build.0 = Release|Any CPU
	EndGlobalSection
	GlobalSection(SolutionProperties) = preSolution
		HideSolutionNode = FALSE
	EndGlobalSection
	GlobalSection(ExtensibilityGlobals) = postSolution
		SolutionGuid = {95B7A94F-07E5-4B88-9E96-2DE948DE3C85}
	EndGlobalSection
EndGlobal
